
Microsoft Visual Studio Solution File, Format Version 12.00
# Visual Studio 15
VisualStudioVersion = 15.0.28010.2016
MinimumVisualStudioVersion = 10.0.40219.1
Project("{9A19103F-16F7-4668-BE54-9A1E7A4F7556}") = "Webisell.Web", "Webisell.Web\Webisell.Web.csproj", "{EB41EA2A-21E6-4F0D-B9D2-4D8ED4978B83}"
EndProject
Project("{9A19103F-16F7-4668-BE54-9A1E7A4F7556}") = "Webisell.Domain", "Webisell.Domain\Webisell.Domain.csproj", "{7DFED593-7FAD-4794-BC8E-19852FB93595}"
EndProject
Project("{FAE04EC0-301F-11D3-BF4B-00C04F79EFBC}") = "Webisell.Research", "Webisell.Research\Webisell.Research.csproj", "{0C0237E8-A172-41FA-ACCE-0717FB7A4237}"
EndProject
Project("{FAE04EC0-301F-11D3-BF4B-00C04F79EFBC}") = "Webisell.Persistent", "Webisell.Persistent\Webisell.Persistent.csproj", "{03F82124-A007-44E4-A135-0C671B922EB8}"
EndProject
Global
	GlobalSection(SolutionConfigurationPlatforms) = preSolution
		Debug|Any CPU = Debug|Any CPU
		Release|Any CPU = Release|Any CPU
	EndGlobalSection
	GlobalSection(ProjectConfigurationPlatforms) = postSolution
		{EB41EA2A-21E6-4F0D-B9D2-4D8ED4978B83}.Debug|Any CPU.ActiveCfg = Debug|Any CPU
		{EB41EA2A-21E6-4F0D-B9D2-4D8ED4978B83}.Debug|Any CPU.Build.0 = Debug|Any CPU
		{EB41EA2A-21E6-4F0D-B9D2-4D8ED4978B83}.Release|Any CPU.ActiveCfg = Release|Any CPU
		{EB41EA2A-21E6-4F0D-B9D2-4D8ED4978B83}.Release|Any CPU.Build.0 = Release|Any CPU
		{7DFED593-7FAD-4794-BC8E-19852FB93595}.Debug|Any CPU.ActiveCfg = Debug|Any CPU
		{7DFED593-7FAD-4794-BC8E-19852FB93595}.Debug|Any CPU.Build.0 = Debug|Any CPU
		{7DFED593-7FAD-4794-BC8E-19852FB93595}.Release|Any CPU.ActiveCfg = Release|Any CPU
		{7DFED593-7FAD-4794-BC8E-19852FB93595}.Release|Any CPU.Build.0 = Release|Any CPU
		{0C0237E8-A172-41FA-ACCE-0717FB7A4237}.Debug|Any CPU.ActiveCfg = Debug|Any CPU
		{0C0237E8-A172-41FA-ACCE-0717FB7A4237}.Debug|Any CPU.Build.0 = Debug|Any CPU
		{0C0237E8-A172-41FA-ACCE-0717FB7A4237}.Release|Any CPU.ActiveCfg = Release|Any CPU
		{0C0237E8-A172-41FA-ACCE-0717FB7A4237}.Release|Any CPU.Build.0 = Release|Any CPU
		{03F82124-A007-44E4-A135-0C671B922EB8}.Debug|Any CPU.ActiveCfg = Debug|Any CPU
		{03F82124-A007-44E4-A135-0C671B922EB8}.Debug|Any CPU.Build.0 = Debug|Any CPU
		{03F82124-A007-44E4-A135-0C671B922EB8}.Release|Any CPU.ActiveCfg = Release|Any CPU
		{03F82124-A007-44E4-A135-0C671B922EB8}.Release|Any CPU.Build.0 = Release|Any CPU
	EndGlobalSection
	GlobalSection(SolutionProperties) = preSolution
		HideSolutionNode = FALSE
	EndGlobalSection
	GlobalSection(ExtensibilityGlobals) = postSolution
		SolutionGuid = {FFF8B602-3A19-43C9-A617-78E83B991904}
	EndGlobalSection
EndGlobal
